
Microsoft Visual Studio Solution File, Format Version 12.00
# Visual Studio Version 16
VisualStudioVersion = 25.0.1705.4
MinimumVisualStudioVersion = 10.0.40219.1
Project("{FAE04EC0-301F-11D3-BF4B-00C04F79EFBC}") = "CarLotSimulator", "CarLotSimulator.csproj", "{146F726D-83C2-45EE-B7F6-B25A00F5C401}"
EndProject
Global
	GlobalSection(SolutionConfigurationPlatforms) = preSolution
		Debug|Any CPU = Debug|Any CPU
		Release|Any CPU = Release|Any CPU
	EndGlobalSection
	GlobalSection(ProjectConfigurationPlatforms) = postSolution
		{146F726D-83C2-45EE-B7F6-B25A00F5C401}.Debug|Any CPU.ActiveCfg = Debug|Any CPU
		{146F726D-83C2-45EE-B7F6-B25A00F5C401}.Debug|Any CPU.Build.0 = Debug|Any CPU
		{146F726D-83C2-45EE-B7F6-B25A00F5C401}.Release|Any CPU.ActiveCfg = Release|Any CPU
		{146F726D-83C2-45EE-B7F6-B25A00F5C401}.Release|Any CPU.Build.0 = Release|Any CPU
	EndGlobalSection
	GlobalSection(SolutionProperties) = preSolution
		HideSolutionNode = FALSE
	EndGlobalSection
	GlobalSection(ExtensibilityGlobals) = postSolution
		SolutionGuid = {76522EE3-EEC7-49B9-A72E-A0284ED83B09}
	EndGlobalSection
EndGlobal
